{
    "_readme": [
        "This file locks the dependencies of your project to a known state",
        "Read more about it at https://getcomposer.org/doc/01-basic-usage.md#installing-dependencies",
        "This file is @generated automatically"
    ],
    "content-hash": "cef87151c153f9aec65c845f5b984a84",
    "packages": [
        {
            "name": "eloquent/enumeration",
            "version": "6.0.0",
            "source": {
                "type": "git",
                "url": "https://github.com/eloquent/enumeration.git",
                "reference": "15a1959683ae4fea75e19ff09d72a344ece3c6a4"
            },
            "dist": {
                "type": "zip",
                "url": "https://api.github.com/repos/eloquent/enumeration/zipball/15a1959683ae4fea75e19ff09d72a344ece3c6a4",
                "reference": "15a1959683ae4fea75e19ff09d72a344ece3c6a4",
                "shasum": ""
            },
            "require": {
                "php": ">=7.1"
            },
            "require-dev": {
                "phpunit/phpunit": "^7"
            },
            "type": "library",
            "autoload": {
                "psr-4": {
                    "Eloquent\\Enumeration\\": "src"
                }
            },
            "notification-url": "https://packagist.org/downloads/",
            "license": [
                "MIT"
            ],
            "authors": [
                {
                    "name": "Erin Millard",
                    "email": "ezzatron@gmail.com",
                    "homepage": "http://ezzatron.com/"
                }
            ],
            "description": "An enumeration implementation for PHP.",
            "homepage": "https://github.com/eloquent/enumeration",
            "keywords": [
                "class",
                "enum",
                "enumeration",
                "multiton",
                "set",
                "type"
            ],
            "time": "2018-11-22T02:45:56+00:00"
        },
        {
            "name": "rquadling/typed-array",
            "version": "1.0.3",
            "source": {
                "type": "git",
                "url": "https://github.com/rquadling/typed-array.git",
                "reference": "081b63776af62cd42cb3ec714bcbc77aa7c022ce"
            },
            "dist": {
                "type": "zip",
                "url": "https://api.github.com/repos/rquadling/typed-array/zipball/081b63776af62cd42cb3ec714bcbc77aa7c022ce",
                "reference": "081b63776af62cd42cb3ec714bcbc77aa7c022ce",
                "shasum": ""
            },
            "require": {
                "php": ">=5.4"
            },
            "require-dev": {
                "phpunit/phpunit": "^4.8"
            },
            "type": "library",
            "autoload": {
                "psr-4": {
                    "RQuadling\\": ".\\src\\"
                }
            },
            "notification-url": "https://packagist.org/downloads/",
            "authors": [
                {
                    "name": "Richard Quadling",
                    "email": "RQuadling@GMail.com"
                }
            ],
            "description": "A simple base class for strongly typed arrays",
            "time": "2015-12-15T16:59:23+00:00"
        }
    ],
    "packages-dev": [],
    "aliases": [],
    "minimum-stability": "stable",
    "stability-flags": [],
    "prefer-stable": false,
    "prefer-lowest": false,
    "platform": [],
    "platform-dev": []
}
